
Microsoft Visual Studio Solution File, Format Version 12.00
# Visual Studio Version 16
VisualStudioVersion = 16.0.31515.178
MinimumVisualStudioVersion = 10.0.40219.1
Project("{FAE04EC0-301F-11D3-BF4B-00C04F79EFBC}") = "TCC_Ana", "TCC_Ana\TCC_Ana.csproj", "{0C020E91-316F-44A0-8DD2-6DCA6BD87D49}"
EndProject
Global
	GlobalSection(SolutionConfigurationPlatforms) = preSolution
		Debug|Any CPU = Debug|Any CPU
		Release|Any CPU = Release|Any CPU
	EndGlobalSection
	GlobalSection(ProjectConfigurationPlatforms) = postSolution
		{0C020E91-316F-44A0-8DD2-6DCA6BD87D49}.Debug|Any CPU.ActiveCfg = Debug|Any CPU
		{0C020E91-316F-44A0-8DD2-6DCA6BD87D49}.Debug|Any CPU.Build.0 = Debug|Any CPU
		{0C020E91-316F-44A0-8DD2-6DCA6BD87D49}.Release|Any CPU.ActiveCfg = Release|Any CPU
		{0C020E91-316F-44A0-8DD2-6DCA6BD87D49}.Release|Any CPU.Build.0 = Release|Any CPU
	EndGlobalSection
	GlobalSection(SolutionProperties) = preSolution
		HideSolutionNode = FALSE
	EndGlobalSection
	GlobalSection(ExtensibilityGlobals) = postSolution
		SolutionGuid = {25B6C4BB-6824-408A-BA41-CA10DA6F8F56}
	EndGlobalSection
EndGlobal
